
Microsoft Visual Studio Solution File, Format Version 12.00
# Visual Studio 15
Project("{FAE04EC0-301F-11D3-BF4B-00C04F79EFBC}") = "unityShaderBookModify", "unityShaderBookModify.csproj", "{A6215F3F-7199-037B-ADCB-9B325410D8C7}"
EndProject
Project("{FAE04EC0-301F-11D3-BF4B-00C04F79EFBC}") = "unityShaderBookModify.Editor", "unityShaderBookModify.Editor.csproj", "{A16189BA-2BF7-2153-2857-5C2FAF274889}"
EndProject
Global
	GlobalSection(SolutionConfigurationPlatforms) = preSolution
		Debug|Any CPU = Debug|Any CPU
		Release|Any CPU = Release|Any CPU
	EndGlobalSection
	GlobalSection(ProjectConfigurationPlatforms) = postSolution
		{A6215F3F-7199-037B-ADCB-9B325410D8C7}.Debug|Any CPU.ActiveCfg = Debug|Any CPU
		{A6215F3F-7199-037B-ADCB-9B325410D8C7}.Debug|Any CPU.Build.0 = Debug|Any CPU
		{A6215F3F-7199-037B-ADCB-9B325410D8C7}.Release|Any CPU.ActiveCfg = Release|Any CPU
		{A6215F3F-7199-037B-ADCB-9B325410D8C7}.Release|Any CPU.Build.0 = Release|Any CPU
		{A16189BA-2BF7-2153-2857-5C2FAF274889}.Debug|Any CPU.ActiveCfg = Debug|Any CPU
		{A16189BA-2BF7-2153-2857-5C2FAF274889}.Debug|Any CPU.Build.0 = Debug|Any CPU
		{A16189BA-2BF7-2153-2857-5C2FAF274889}.Release|Any CPU.ActiveCfg = Release|Any CPU
		{A16189BA-2BF7-2153-2857-5C2FAF274889}.Release|Any CPU.Build.0 = Release|Any CPU
	EndGlobalSection
	GlobalSection(SolutionProperties) = preSolution
		HideSolutionNode = FALSE
	EndGlobalSection
EndGlobal
